// !$*UTF8*$!
{
	archiveVersion = 1;
	classes = {
	};
	objectVersion = 56;
	objects = {

/* Begin PBXBuildFile section */
		6E0501492A8A4FBC00EBA5B9 /* Hogweed_DetectorApp.swift in Sources */ = {isa = PBXBuildFile; fileRef = 6E0501482A8A4FBC00EBA5B9 /* Hogweed_DetectorApp.swift */; };
		6E05014B2A8A4FBC00EBA5B9 /* ContentView.swift in Sources */ = {isa = PBXBuildFile; fileRef = 6E05014A2A8A4FBC00EBA5B9 /* ContentView.swift */; };
		6E05014D2A8A4FBD00EBA5B9 /* Assets.xcassets in Resources */ = {isa = PBXBuildFile; fileRef = 6E05014C2A8A4FBD00EBA5B9 /* Assets.xcassets */; };
		6E0501512A8A4FBD00EBA5B9 /* Preview Assets.xcassets in Resources */ = {isa = PBXBuildFile; fileRef = 6E0501502A8A4FBD00EBA5B9 /* Preview Assets.xcassets */; };
		6E0501582A8A531200EBA5B9 /* GalleryPickerScreen.swift in Sources */ = {isa = PBXBuildFile; fileRef = 6E0501572A8A531200EBA5B9 /* GalleryPickerScreen.swift */; };
		6E05015E2A8A86A800EBA5B9 /* Hogweed3.mlmodel in Sources */ = {isa = PBXBuildFile; fileRef = 6E05015D2A8A86A800EBA5B9 /* Hogweed3.mlmodel */; };
		6E0501722A938B9900EBA5B9 /* ImagePicker.swift in Sources */ = {isa = PBXBuildFile; fileRef = 6E0501712A938B9900EBA5B9 /* ImagePicker.swift */; };
		6E0501802A93BF6F00EBA5B9 /* NeatButton.swift in Sources */ = {isa = PBXBuildFile; fileRef = 6E05017F2A93BF6F00EBA5B9 /* NeatButton.swift */; };
		6E0501822A93BF8700EBA5B9 /* DetailsScreen.swift in Sources */ = {isa = PBXBuildFile; fileRef = 6E0501812A93BF8700EBA5B9 /* DetailsScreen.swift */; };
		6E0501842A93BF9000EBA5B9 /* ReportScreen.swift in Sources */ = {isa = PBXBuildFile; fileRef = 6E0501832A93BF9000EBA5B9 /* ReportScreen.swift */; };
		6E05018A2A93C5AB00EBA5B9 /* DetailsRow.swift in Sources */ = {isa = PBXBuildFile; fileRef = 6E0501892A93C5AB00EBA5B9 /* DetailsRow.swift */; };
		6E05018C2A93C95E00EBA5B9 /* ExpandableText.swift in Sources */ = {isa = PBXBuildFile; fileRef = 6E05018B2A93C95E00EBA5B9 /* ExpandableText.swift */; };
/* End PBXBuildFile section */

/* Begin PBXFileReference section */
		6E0501452A8A4FBC00EBA5B9 /* Hogweed Detector.app */ = {isa = PBXFileReference; explicitFileType = wrapper.application; includeInIndex = 0; path = "Hogweed Detector.app"; sourceTree = BUILT_PRODUCTS_DIR; };
		6E0501482A8A4FBC00EBA5B9 /* Hogweed_DetectorApp.swift */ = {isa = PBXFileReference; lastKnownFileType = sourcecode.swift; path = Hogweed_DetectorApp.swift; sourceTree = "<group>"; };
		6E05014A2A8A4FBC00EBA5B9 /* ContentView.swift */ = {isa = PBXFileReference; lastKnownFileType = sourcecode.swift; path = ContentView.swift; sourceTree = "<group>"; };
		6E05014C2A8A4FBD00EBA5B9 /* Assets.xcassets */ = {isa = PBXFileReference; lastKnownFileType = folder.assetcatalog; path = Assets.xcassets; sourceTree = "<group>"; };
		6E05014E2A8A4FBD00EBA5B9 /* Hogweed_Detector.entitlements */ = {isa = PBXFileReference; lastKnownFileType = text.plist.entitlements; path = Hogweed_Detector.entitlements; sourceTree = "<group>"; };
		6E0501502A8A4FBD00EBA5B9 /* Preview Assets.xcassets */ = {isa = PBXFileReference; lastKnownFileType = folder.assetcatalog; path = "Preview Assets.xcassets"; sourceTree = "<group>"; };
		6E0501572A8A531200EBA5B9 /* GalleryPickerScreen.swift */ = {isa = PBXFileReference; lastKnownFileType = sourcecode.swift; path = GalleryPickerScreen.swift; sourceTree = "<group>"; };
		6E05015D2A8A86A800EBA5B9 /* Hogweed3.mlmodel */ = {isa = PBXFileReference; lastKnownFileType = file.mlmodel; path = Hogweed3.mlmodel; sourceTree = "<group>"; };
		6E0501712A938B9900EBA5B9 /* ImagePicker.swift */ = {isa = PBXFileReference; lastKnownFileType = sourcecode.swift; path = ImagePicker.swift; sourceTree = "<group>"; };
		6E0501732A938E0100EBA5B9 /* Hogweed-Detector-Info.plist */ = {isa = PBXFileReference; lastKnownFileType = text.plist; path = "Hogweed-Detector-Info.plist"; sourceTree = SOURCE_ROOT; };
		6E05017F2A93BF6F00EBA5B9 /* NeatButton.swift */ = {isa = PBXFileReference; lastKnownFileType = sourcecode.swift; path = NeatButton.swift; sourceTree = "<group>"; };
		6E0501812A93BF8700EBA5B9 /* DetailsScreen.swift */ = {isa = PBXFileReference; lastKnownFileType = sourcecode.swift; path = DetailsScreen.swift; sourceTree = "<group>"; };
		6E0501832A93BF9000EBA5B9 /* ReportScreen.swift */ = {isa = PBXFileReference; lastKnownFileType = sourcecode.swift; path = ReportScreen.swift; sourceTree = "<group>"; };
		6E0501892A93C5AB00EBA5B9 /* DetailsRow.swift */ = {isa = PBXFileReference; lastKnownFileType = sourcecode.swift; path = DetailsRow.swift; sourceTree = "<group>"; };
		6E05018B2A93C95E00EBA5B9 /* ExpandableText.swift */ = {isa = PBXFileReference; lastKnownFileType = sourcecode.swift; path = ExpandableText.swift; sourceTree = "<group>"; };
/* End PBXFileReference section */

/* Begin PBXFrameworksBuildPhase section */
		6E0501422A8A4FBC00EBA5B9 /* Frameworks */ = {
			isa = PBXFrameworksBuildPhase;
			buildActionMask = 2147483647;
			files = (
			);
			runOnlyForDeploymentPostprocessing = 0;
		};
/* End PBXFrameworksBuildPhase section */

/* Begin PBXGroup section */
		6E05013C2A8A4FBC00EBA5B9 = {
			isa = PBXGroup;
			children = (
				6E0501472A8A4FBC00EBA5B9 /* Hogweed Detector */,
				6E0501462A8A4FBC00EBA5B9 /* Products */,
			);
			sourceTree = "<group>";
		};
		6E0501462A8A4FBC00EBA5B9 /* Products */ = {
			isa = PBXGroup;
			children = (
				6E0501452A8A4FBC00EBA5B9 /* Hogweed Detector.app */,
			);
			name = Products;
			sourceTree = "<group>";
		};
		6E0501472A8A4FBC00EBA5B9 /* Hogweed Detector */ = {
			isa = PBXGroup;
			children = (
				6E0501882A93C02800EBA5B9 /* UIDesign */,
				6E0501872A93C01B00EBA5B9 /* Helpers */,
				6E0501862A93C00200EBA5B9 /* Screens */,
				6E0501732A938E0100EBA5B9 /* Hogweed-Detector-Info.plist */,
				6E05015D2A8A86A800EBA5B9 /* Hogweed3.mlmodel */,
				6E0501482A8A4FBC00EBA5B9 /* Hogweed_DetectorApp.swift */,
				6E05014A2A8A4FBC00EBA5B9 /* ContentView.swift */,
				6E05014C2A8A4FBD00EBA5B9 /* Assets.xcassets */,
				6E05014E2A8A4FBD00EBA5B9 /* Hogweed_Detector.entitlements */,
				6E05014F2A8A4FBD00EBA5B9 /* Preview Content */,
			);
			path = "Hogweed Detector";
			sourceTree = "<group>";
		};
		6E05014F2A8A4FBD00EBA5B9 /* Preview Content */ = {
			isa = PBXGroup;
			children = (
				6E0501502A8A4FBD00EBA5B9 /* Preview Assets.xcassets */,
			);
			path = "Preview Content";
			sourceTree = "<group>";
		};
		6E0501862A93C00200EBA5B9 /* Screens */ = {
			isa = PBXGroup;
			children = (
				6E0501812A93BF8700EBA5B9 /* DetailsScreen.swift */,
				6E0501832A93BF9000EBA5B9 /* ReportScreen.swift */,
				6E0501572A8A531200EBA5B9 /* GalleryPickerScreen.swift */,
			);
			path = Screens;
			sourceTree = "<group>";
		};
		6E0501872A93C01B00EBA5B9 /* Helpers */ = {
			isa = PBXGroup;
			children = (
				6E0501712A938B9900EBA5B9 /* ImagePicker.swift */,
				6E05018B2A93C95E00EBA5B9 /* ExpandableText.swift */,
				6E0501892A93C5AB00EBA5B9 /* DetailsRow.swift */,
			);
			path = Helpers;
			sourceTree = "<group>";
		};
		6E0501882A93C02800EBA5B9 /* UIDesign */ = {
			isa = PBXGroup;
			children = (
				6E05017F2A93BF6F00EBA5B9 /* NeatButton.swift */,
			);
			path = UIDesign;
			sourceTree = "<group>";
		};
/* End PBXGroup section */

/* Begin PBXNativeTarget section */
		6E0501442A8A4FBC00EBA5B9 /* Hogweed Detector */ = {
			isa = PBXNativeTarget;
			buildConfigurationList = 6E0501542A8A4FBD00EBA5B9 /* Build configuration list for PBXNativeTarget "Hogweed Detector" */;
			buildPhases = (
				6E0501412A8A4FBC00EBA5B9 /* Sources */,
				6E0501422A8A4FBC00EBA5B9 /* Frameworks */,
				6E0501432A8A4FBC00EBA5B9 /* Resources */,
			);
			buildRules = (
			);
			dependencies = (
			);
			name = "Hogweed Detector";
			productName = "Hogweed Detector";
			productReference = 6E0501452A8A4FBC00EBA5B9 /* Hogweed Detector.app */;
			productType = "com.apple.product-type.application";
		};
/* End PBXNativeTarget section */

/* Begin PBXProject section */
		6E05013D2A8A4FBC00EBA5B9 /* Project object */ = {
			isa = PBXProject;
			attributes = {
				BuildIndependentTargetsInParallel = 1;
				LastSwiftUpdateCheck = 1430;
				LastUpgradeCheck = 1430;
				TargetAttributes = {
					6E0501442A8A4FBC00EBA5B9 = {
						CreatedOnToolsVersion = 14.3;
					};
				};
			};
			buildConfigurationList = 6E0501402A8A4FBC00EBA5B9 /* Build configuration list for PBXProject "Hogweed Detector" */;
			compatibilityVersion = "Xcode 14.0";
			developmentRegion = en;
			hasScannedForEncodings = 0;
			knownRegions = (
				en,
				Base,
			);
			mainGroup = 6E05013C2A8A4FBC00EBA5B9;
			productRefGroup = 6E0501462A8A4FBC00EBA5B9 /* Products */;
			projectDirPath = "";
			projectRoot = "";
			targets = (
				6E0501442A8A4FBC00EBA5B9 /* Hogweed Detector */,
			);
		};
/* End PBXProject section */

/* Begin PBXResourcesBuildPhase section */
		6E0501432A8A4FBC00EBA5B9 /* Resources */ = {
			isa = PBXResourcesBuildPhase;
			buildActionMask = 2147483647;
			files = (
				6E0501512A8A4FBD00EBA5B9 /* Preview Assets.xcassets in Resources */,
				6E05014D2A8A4FBD00EBA5B9 /* Assets.xcassets in Resources */,
			);
			runOnlyForDeploymentPostprocessing = 0;
		};
/* End PBXResourcesBuildPhase section */

/* Begin PBXSourcesBuildPhase section */
		6E0501412A8A4FBC00EBA5B9 /* Sources */ = {
			isa = PBXSourcesBuildPhase;
			buildActionMask = 2147483647;
			files = (
				6E0501582A8A531200EBA5B9 /* GalleryPickerScreen.swift in Sources */,
				6E0501822A93BF8700EBA5B9 /* DetailsScreen.swift in Sources */,
				6E0501722A938B9900EBA5B9 /* ImagePicker.swift in Sources */,
				6E05014B2A8A4FBC00EBA5B9 /* ContentView.swift in Sources */,
				6E05015E2A8A86A800EBA5B9 /* Hogweed3.mlmodel in Sources */,
				6E05018A2A93C5AB00EBA5B9 /* DetailsRow.swift in Sources */,
				6E05018C2A93C95E00EBA5B9 /* ExpandableText.swift in Sources */,
				6E0501492A8A4FBC00EBA5B9 /* Hogweed_DetectorApp.swift in Sources */,
				6E0501802A93BF6F00EBA5B9 /* NeatButton.swift in Sources */,
				6E0501842A93BF9000EBA5B9 /* ReportScreen.swift in Sources */,
			);
			runOnlyForDeploymentPostprocessing = 0;
		};
/* End PBXSourcesBuildPhase section */

/* Begin XCBuildConfiguration section */
		6E0501522A8A4FBD00EBA5B9 /* Debug */ = {
			isa = XCBuildConfiguration;
			buildSettings = {
				ALWAYS_SEARCH_USER_PATHS = NO;
				CLANG_ANALYZER_NONNULL = YES;
				CLANG_ANALYZER_NUMBER_OBJECT_CONVERSION = YES_AGGRESSIVE;
				CLANG_CXX_LANGUAGE_STANDARD = "gnu++20";
				CLANG_ENABLE_MODULES = YES;
				CLANG_ENABLE_OBJC_ARC = YES;
				CLANG_ENABLE_OBJC_WEAK = YES;
				CLANG_WARN_BLOCK_CAPTURE_AUTORELEASING = YES;
				CLANG_WARN_BOOL_CONVERSION = YES;
				CLANG_WARN_COMMA = YES;
				CLANG_WARN_CONSTANT_CONVERSION = YES;
				CLANG_WARN_DEPRECATED_OBJC_IMPLEMENTATIONS = YES;
				CLANG_WARN_DIRECT_OBJC_ISA_USAGE = YES_ERROR;
				CLANG_WARN_DOCUMENTATION_COMMENTS = YES;
				CLANG_WARN_EMPTY_BODY = YES;
				CLANG_WARN_ENUM_CONVERSION = YES;
				CLANG_WARN_INFINITE_RECURSION = YES;
				CLANG_WARN_INT_CONVERSION = YES;
				CLANG_WARN_NON_LITERAL_NULL_CONVERSION = YES;
				CLANG_WARN_OBJC_IMPLICIT_RETAIN_SELF = YES;
				CLANG_WARN_OBJC_LITERAL_CONVERSION = YES;
				CLANG_WARN_OBJC_ROOT_CLASS = YES_ERROR;
				CLANG_WARN_QUOTED_INCLUDE_IN_FRAMEWORK_HEADER = YES;
				CLANG_WARN_RANGE_LOOP_ANALYSIS = YES;
				CLANG_WARN_STRICT_PROTOTYPES = YES;
				CLANG_WARN_SUSPICIOUS_MOVE = YES;
				CLANG_WARN_UNGUARDED_AVAILABILITY = YES_AGGRESSIVE;
				CLANG_WARN_UNREACHABLE_CODE = YES;
				CLANG_WARN__DUPLICATE_METHOD_MATCH = YES;
				COPY_PHASE_STRIP = NO;
				DEBUG_INFORMATION_FORMAT = dwarf;
				ENABLE_STRICT_OBJC_MSGSEND = YES;
				ENABLE_TESTABILITY = YES;
				GCC_C_LANGUAGE_STANDARD = gnu11;
				GCC_DYNAMIC_NO_PIC = NO;
				GCC_NO_COMMON_BLOCKS = YES;
				GCC_OPTIMIZATION_LEVEL = 0;
				GCC_PREPROCESSOR_DEFINITIONS = (
					"DEBUG=1",
					"$(inherited)",
				);
				GCC_WARN_64_TO_32_BIT_CONVERSION = YES;
				GCC_WARN_ABOUT_RETURN_TYPE = YES_ERROR;
				GCC_WARN_UNDECLARED_SELECTOR = YES;
				GCC_WARN_UNINITIALIZED_AUTOS = YES_AGGRESSIVE;
				GCC_WARN_UNUSED_FUNCTION = YES;
				GCC_WARN_UNUSED_VARIABLE = YES;
				INFOPLIST_KEY_NSCameraUsageDescription = "";
				IPHONEOS_DEPLOYMENT_TARGET = 16.0;
				MTL_ENABLE_DEBUG_INFO = INCLUDE_SOURCE;
				MTL_FAST_MATH = YES;
				ONLY_ACTIVE_ARCH = YES;
				SWIFT_ACTIVE_COMPILATION_CONDITIONS = DEBUG;
				SWIFT_OPTIMIZATION_LEVEL = "-Onone";
			};
			name = Debug;
		};
		6E0501532A8A4FBD00EBA5B9 /* Release */ = {
			isa = XCBuildConfiguration;
			buildSettings = {
				ALWAYS_SEARCH_USER_PATHS = NO;
				CLANG_ANALYZER_NONNULL = YES;
				CLANG_ANALYZER_NUMBER_OBJECT_CONVERSION = YES_AGGRESSIVE;
				CLANG_CXX_LANGUAGE_STANDARD = "gnu++20";
				CLANG_ENABLE_MODULES = YES;
				CLANG_ENABLE_OBJC_ARC = YES;
				CLANG_ENABLE_OBJC_WEAK = YES;
				CLANG_WARN_BLOCK_CAPTURE_AUTORELEASING = YES;
				CLANG_WARN_BOOL_CONVERSION = YES;
				CLANG_WARN_COMMA = YES;
				CLANG_WARN_CONSTANT_CONVERSION = YES;
				CLANG_WARN_DEPRECATED_OBJC_IMPLEMENTATIONS = YES;
				CLANG_WARN_DIRECT_OBJC_ISA_USAGE = YES_ERROR;
				CLANG_WARN_DOCUMENTATION_COMMENTS = YES;
				CLANG_WARN_EMPTY_BODY = YES;
				CLANG_WARN_ENUM_CONVERSION = YES;
				CLANG_WARN_INFINITE_RECURSION = YES;
				CLANG_WARN_INT_CONVERSION = YES;
				CLANG_WARN_NON_LITERAL_NULL_CONVERSION = YES;
				CLANG_WARN_OBJC_IMPLICIT_RETAIN_SELF = YES;
				CLANG_WARN_OBJC_LITERAL_CONVERSION = YES;
				CLANG_WARN_OBJC_ROOT_CLASS = YES_ERROR;
				CLANG_WARN_QUOTED_INCLUDE_IN_FRAMEWORK_HEADER = YES;
				CLANG_WARN_RANGE_LOOP_ANALYSIS = YES;
				CLANG_WARN_STRICT_PROTOTYPES = YES;
				CLANG_WARN_SUSPICIOUS_MOVE = YES;
				CLANG_WARN_UNGUARDED_AVAILABILITY = YES_AGGRESSIVE;
				CLANG_WARN_UNREACHABLE_CODE = YES;
				CLANG_WARN__DUPLICATE_METHOD_MATCH = YES;
				COPY_PHASE_STRIP = NO;
				DEBUG_INFORMATION_FORMAT = "dwarf-with-dsym";
				ENABLE_NS_ASSERTIONS = NO;
				ENABLE_STRICT_OBJC_MSGSEND = YES;
				GCC_C_LANGUAGE_STANDARD = gnu11;
				GCC_NO_COMMON_BLOCKS = YES;
				GCC_WARN_64_TO_32_BIT_CONVERSION = YES;
				GCC_WARN_ABOUT_RETURN_TYPE = YES_ERROR;
				GCC_WARN_UNDECLARED_SELECTOR = YES;
				GCC_WARN_UNINITIALIZED_AUTOS = YES_AGGRESSIVE;
				GCC_WARN_UNUSED_FUNCTION = YES;
				GCC_WARN_UNUSED_VARIABLE = YES;
				IPHONEOS_DEPLOYMENT_TARGET = 16.0;
				MTL_ENABLE_DEBUG_INFO = NO;
				MTL_FAST_MATH = YES;
				SWIFT_COMPILATION_MODE = wholemodule;
				SWIFT_OPTIMIZATION_LEVEL = "-O";
			};
			name = Release;
		};
		6E0501552A8A4FBD00EBA5B9 /* Debug */ = {
			isa = XCBuildConfiguration;
			buildSettings = {
				ASSETCATALOG_COMPILER_APPICON_NAME = AppIcon;
				ASSETCATALOG_COMPILER_GLOBAL_ACCENT_COLOR_NAME = AccentColor;
				CODE_SIGN_ENTITLEMENTS = "Hogweed Detector/Hogweed_Detector.entitlements";
				CODE_SIGN_STYLE = Automatic;
				CURRENT_PROJECT_VERSION = 1;
				DEVELOPMENT_ASSET_PATHS = "\"Hogweed Detector/Preview Content\"";
				DEVELOPMENT_TEAM = J4QQR8527M;
				ENABLE_HARDENED_RUNTIME = YES;
				ENABLE_PREVIEWS = YES;
				GENERATE_INFOPLIST_FILE = YES;
				INFOPLIST_FILE = "Hogweed-Detector-Info.plist";
				"INFOPLIST_KEY_UIApplicationSceneManifest_Generation[sdk=iphoneos*]" = YES;
				"INFOPLIST_KEY_UIApplicationSceneManifest_Generation[sdk=iphonesimulator*]" = YES;
				"INFOPLIST_KEY_UIApplicationSupportsIndirectInputEvents[sdk=iphoneos*]" = YES;
				"INFOPLIST_KEY_UIApplicationSupportsIndirectInputEvents[sdk=iphonesimulator*]" = YES;
				"INFOPLIST_KEY_UILaunchScreen_Generation[sdk=iphoneos*]" = YES;
				"INFOPLIST_KEY_UILaunchScreen_Generation[sdk=iphonesimulator*]" = YES;
				"INFOPLIST_KEY_UIStatusBarStyle[sdk=iphoneos*]" = UIStatusBarStyleDefault;
				"INFOPLIST_KEY_UIStatusBarStyle[sdk=iphonesimulator*]" = UIStatusBarStyleDefault;
				INFOPLIST_KEY_UISupportedInterfaceOrientations_iPad = "UIInterfaceOrientationPortrait UIInterfaceOrientationPortraitUpsideDown UIInterfaceOrientationLandscapeLeft UIInterfaceOrientationLandscapeRight";
				INFOPLIST_KEY_UISupportedInterfaceOrientations_iPhone = "UIInterfaceOrientationPortrait UIInterfaceOrientationLandscapeLeft UIInterfaceOrientationLandscapeRight";
				IPHONEOS_DEPLOYMENT_TARGET = 16.0;
				LD_RUNPATH_SEARCH_PATHS = "@executable_path/Frameworks";
				"LD_RUNPATH_SEARCH_PATHS[sdk=macosx*]" = "@executable_path/../Frameworks";
				MACOSX_DEPLOYMENT_TARGET = 13.3;
				MARKETING_VERSION = 1.0;
				PRODUCT_BUNDLE_IDENTIFIER = "com.czarapps.Hogweed-Detector";
				PRODUCT_NAME = "$(TARGET_NAME)";
				SDKROOT = auto;
				SUPPORTED_PLATFORMS = "iphoneos iphonesimulator macosx";
				SWIFT_EMIT_LOC_STRINGS = YES;
				SWIFT_VERSION = 5.0;
				TARGETED_DEVICE_FAMILY = "1,2";
			};
			name = Debug;
		};
		6E0501562A8A4FBD00EBA5B9 /* Release */ = {
			isa = XCBuildConfiguration;
			buildSettings = {
				ASSETCATALOG_COMPILER_APPICON_NAME = AppIcon;
				ASSETCATALOG_COMPILER_GLOBAL_ACCENT_COLOR_NAME = AccentColor;
				CODE_SIGN_ENTITLEMENTS = "Hogweed Detector/Hogweed_Detector.entitlements";
				CODE_SIGN_STYLE = Automatic;
				CURRENT_PROJECT_VERSION = 1;
				DEVELOPMENT_ASSET_PATHS = "\"Hogweed Detector/Preview Content\"";
				DEVELOPMENT_TEAM = J4QQR8527M;
				ENABLE_HARDENED_RUNTIME = YES;
				ENABLE_PREVIEWS = YES;
				GENERATE_INFOPLIST_FILE = YES;
				INFOPLIST_FILE = "Hogweed-Detector-Info.plist";
				"INFOPLIST_KEY_UIApplicationSceneManifest_Generation[sdk=iphoneos*]" = YES;
				"INFOPLIST_KEY_UIApplicationSceneManifest_Generation[sdk=iphonesimulator*]" = YES;
				"INFOPLIST_KEY_UIApplicationSupportsIndirectInputEvents[sdk=iphoneos*]" = YES;
				"INFOPLIST_KEY_UIApplicationSupportsIndirectInputEvents[sdk=iphonesimulator*]" = YES;
				"INFOPLIST_KEY_UILaunchScreen_Generation[sdk=iphoneos*]" = YES;
				"INFOPLIST_KEY_UILaunchScreen_Generation[sdk=iphonesimulator*]" = YES;
				"INFOPLIST_KEY_UIStatusBarStyle[sdk=iphoneos*]" = UIStatusBarStyleDefault;
				"INFOPLIST_KEY_UIStatusBarStyle[sdk=iphonesimulator*]" = UIStatusBarStyleDefault;
				INFOPLIST_KEY_UISupportedInterfaceOrientations_iPad = "UIInterfaceOrientationPortrait UIInterfaceOrientationPortraitUpsideDown UIInterfaceOrientationLandscapeLeft UIInterfaceOrientationLandscapeRight";
				INFOPLIST_KEY_UISupportedInterfaceOrientations_iPhone = "UIInterfaceOrientationPortrait UIInterfaceOrientationLandscapeLeft UIInterfaceOrientationLandscapeRight";
				IPHONEOS_DEPLOYMENT_TARGET = 16.0;
				LD_RUNPATH_SEARCH_PATHS = "@executable_path/Frameworks";
				"LD_RUNPATH_SEARCH_PATHS[sdk=macosx*]" = "@executable_path/../Frameworks";
				MACOSX_DEPLOYMENT_TARGET = 13.3;
				MARKETING_VERSION = 1.0;
				PRODUCT_BUNDLE_IDENTIFIER = "com.czarapps.Hogweed-Detector";
				PRODUCT_NAME = "$(TARGET_NAME)";
				SDKROOT = auto;
				SUPPORTED_PLATFORMS = "iphoneos iphonesimulator macosx";
				SWIFT_EMIT_LOC_STRINGS = YES;
				SWIFT_VERSION = 5.0;
				TARGETED_DEVICE_FAMILY = "1,2";
			};
			name = Release;
		};
/* End XCBuildConfiguration section */

/* Begin XCConfigurationList section */
		6E0501402A8A4FBC00EBA5B9 /* Build configuration list for PBXProject "Hogweed Detector" */ = {
			isa = XCConfigurationList;
			buildConfigurations = (
				6E0501522A8A4FBD00EBA5B9 /* Debug */,
				6E0501532A8A4FBD00EBA5B9 /* Release */,
			);
			defaultConfigurationIsVisible = 0;
			defaultConfigurationName = Release;
		};
		6E0501542A8A4FBD00EBA5B9 /* Build configuration list for PBXNativeTarget "Hogweed Detector" */ = {
			isa = XCConfigurationList;
			buildConfigurations = (
				6E0501552A8A4FBD00EBA5B9 /* Debug */,
				6E0501562A8A4FBD00EBA5B9 /* Release */,
			);
			defaultConfigurationIsVisible = 0;
			defaultConfigurationName = Release;
		};
/* End XCConfigurationList section */
	};
	rootObject = 6E05013D2A8A4FBC00EBA5B9 /* Project object */;
}
